
Microsoft Visual Studio Solution File, Format Version 12.00
# Visual Studio Version 17
VisualStudioVersion = 17.7.34031.279
MinimumVisualStudioVersion = 10.0.40219.1
Project("{FAE04EC0-301F-11D3-BF4B-00C04F79EFBC}") = "check temparatures below 0 and above 100", "check temparatures below 0 and above 100.csproj", "{00D9FA86-25AF-40DC-A610-E992FCDFDA9F}"
EndProject
Global
	GlobalSection(SolutionConfigurationPlatforms) = preSolution
		Debug|Any CPU = Debug|Any CPU
		Release|Any CPU = Release|Any CPU
	EndGlobalSection
	GlobalSection(ProjectConfigurationPlatforms) = postSolution
		{00D9FA86-25AF-40DC-A610-E992FCDFDA9F}.Debug|Any CPU.ActiveCfg = Debug|Any CPU
		{00D9FA86-25AF-40DC-A610-E992FCDFDA9F}.Debug|Any CPU.Build.0 = Debug|Any CPU
		{00D9FA86-25AF-40DC-A610-E992FCDFDA9F}.Release|Any CPU.ActiveCfg = Release|Any CPU
		{00D9FA86-25AF-40DC-A610-E992FCDFDA9F}.Release|Any CPU.Build.0 = Release|Any CPU
	EndGlobalSection
	GlobalSection(SolutionProperties) = preSolution
		HideSolutionNode = FALSE
	EndGlobalSection
	GlobalSection(ExtensibilityGlobals) = postSolution
		SolutionGuid = {EFD74ABF-7443-4E51-8ECA-398B5A9122C9}
	EndGlobalSection
EndGlobal
